
Microsoft Visual Studio Solution File, Format Version 12.00
# Visual Studio Version 17
VisualStudioVersion = 17.8.34330.188
MinimumVisualStudioVersion = 10.0.40219.1
Project("{FAE04EC0-301F-11D3-BF4B-00C04F79EFBC}") = "MidExam", "MidExam\MidExam.csproj", "{93EDBECA-8E26-42E1-8E6D-4D784291E249}"
EndProject
Global
	GlobalSection(SolutionConfigurationPlatforms) = preSolution
		Debug|Any CPU = Debug|Any CPU
		Release|Any CPU = Release|Any CPU
	EndGlobalSection
	GlobalSection(ProjectConfigurationPlatforms) = postSolution
		{93EDBECA-8E26-42E1-8E6D-4D784291E249}.Debug|Any CPU.ActiveCfg = Debug|Any CPU
		{93EDBECA-8E26-42E1-8E6D-4D784291E249}.Debug|Any CPU.Build.0 = Debug|Any CPU
		{93EDBECA-8E26-42E1-8E6D-4D784291E249}.Release|Any CPU.ActiveCfg = Release|Any CPU
		{93EDBECA-8E26-42E1-8E6D-4D784291E249}.Release|Any CPU.Build.0 = Release|Any CPU
	EndGlobalSection
	GlobalSection(SolutionProperties) = preSolution
		HideSolutionNode = FALSE
	EndGlobalSection
	GlobalSection(ExtensibilityGlobals) = postSolution
		SolutionGuid = {5CB62CD4-6D9E-4FC9-B59C-0D6D071594F2}
	EndGlobalSection
EndGlobal
